
Microsoft Visual Studio Solution File, Format Version 12.00
# Visual Studio Version 16
VisualStudioVersion = 16.0.32602.291
MinimumVisualStudioVersion = 10.0.40219.1
Project("{9A19103F-16F7-4668-BE54-9A1E7A4F7556}") = "ConsoleApp7", "ConsoleApp7\ConsoleApp7.csproj", "{89C209A5-2EDF-49E1-B43B-7E9F22EC8700}"
EndProject
Project("{FAE04EC0-301F-11D3-BF4B-00C04F79EFBC}") = "Nullable", "Nullable\Nullable.csproj", "{93B8E237-6058-46EE-9CC7-D4ECD7FCB8F8}"
EndProject
Global
	GlobalSection(SolutionConfigurationPlatforms) = preSolution
		Debug|Any CPU = Debug|Any CPU
		Release|Any CPU = Release|Any CPU
	EndGlobalSection
	GlobalSection(ProjectConfigurationPlatforms) = postSolution
		{89C209A5-2EDF-49E1-B43B-7E9F22EC8700}.Debug|Any CPU.ActiveCfg = Debug|Any CPU
		{89C209A5-2EDF-49E1-B43B-7E9F22EC8700}.Debug|Any CPU.Build.0 = Debug|Any CPU
		{89C209A5-2EDF-49E1-B43B-7E9F22EC8700}.Release|Any CPU.ActiveCfg = Release|Any CPU
		{89C209A5-2EDF-49E1-B43B-7E9F22EC8700}.Release|Any CPU.Build.0 = Release|Any CPU
		{93B8E237-6058-46EE-9CC7-D4ECD7FCB8F8}.Debug|Any CPU.ActiveCfg = Debug|Any CPU
		{93B8E237-6058-46EE-9CC7-D4ECD7FCB8F8}.Debug|Any CPU.Build.0 = Debug|Any CPU
		{93B8E237-6058-46EE-9CC7-D4ECD7FCB8F8}.Release|Any CPU.ActiveCfg = Release|Any CPU
		{93B8E237-6058-46EE-9CC7-D4ECD7FCB8F8}.Release|Any CPU.Build.0 = Release|Any CPU
	EndGlobalSection
	GlobalSection(SolutionProperties) = preSolution
		HideSolutionNode = FALSE
	EndGlobalSection
	GlobalSection(ExtensibilityGlobals) = postSolution
		SolutionGuid = {86CDD8B5-9C30-45AB-954B-527F5E841385}
	EndGlobalSection
EndGlobal
